
Microsoft Visual Studio Solution File, Format Version 12.00
# Visual Studio Version 16
VisualStudioVersion = 16.0.30011.22
MinimumVisualStudioVersion = 10.0.40219.1
Project("{FAE04EC0-301F-11D3-BF4B-00C04F79EFBC}") = "BARS_GrupTest", "BARS_GrupTest\BARS_GrupTest.csproj", "{B9D739BC-CAC6-48C9-A080-67A78C17DF1A}"
EndProject
Global
	GlobalSection(SolutionConfigurationPlatforms) = preSolution
		Debug|Any CPU = Debug|Any CPU
		Release|Any CPU = Release|Any CPU
	EndGlobalSection
	GlobalSection(ProjectConfigurationPlatforms) = postSolution
		{B9D739BC-CAC6-48C9-A080-67A78C17DF1A}.Debug|Any CPU.ActiveCfg = Debug|Any CPU
		{B9D739BC-CAC6-48C9-A080-67A78C17DF1A}.Debug|Any CPU.Build.0 = Debug|Any CPU
		{B9D739BC-CAC6-48C9-A080-67A78C17DF1A}.Release|Any CPU.ActiveCfg = Release|Any CPU
		{B9D739BC-CAC6-48C9-A080-67A78C17DF1A}.Release|Any CPU.Build.0 = Release|Any CPU
	EndGlobalSection
	GlobalSection(SolutionProperties) = preSolution
		HideSolutionNode = FALSE
	EndGlobalSection
	GlobalSection(ExtensibilityGlobals) = postSolution
		SolutionGuid = {84C2EC57-B93A-4C96-AE5E-BF745CD63F64}
	EndGlobalSection
EndGlobal
